
Microsoft Visual Studio Solution File, Format Version 12.00
# Visual Studio Version 17
VisualStudioVersion = 17.1.32210.238
MinimumVisualStudioVersion = 10.0.40219.1
Project("{FAE04EC0-301F-11D3-BF4B-00C04F79EFBC}") = "someString", "someString.csproj", "{680337A0-1805-4FD3-8A37-4720A388FC00}"
EndProject
Global
	GlobalSection(SolutionConfigurationPlatforms) = preSolution
		Debug|Any CPU = Debug|Any CPU
		Release|Any CPU = Release|Any CPU
	EndGlobalSection
	GlobalSection(ProjectConfigurationPlatforms) = postSolution
		{680337A0-1805-4FD3-8A37-4720A388FC00}.Debug|Any CPU.ActiveCfg = Debug|Any CPU
		{680337A0-1805-4FD3-8A37-4720A388FC00}.Debug|Any CPU.Build.0 = Debug|Any CPU
		{680337A0-1805-4FD3-8A37-4720A388FC00}.Release|Any CPU.ActiveCfg = Release|Any CPU
		{680337A0-1805-4FD3-8A37-4720A388FC00}.Release|Any CPU.Build.0 = Release|Any CPU
	EndGlobalSection
	GlobalSection(SolutionProperties) = preSolution
		HideSolutionNode = FALSE
	EndGlobalSection
	GlobalSection(ExtensibilityGlobals) = postSolution
		SolutionGuid = {89B1D8B5-0892-40B5-8014-A18F84298F21}
	EndGlobalSection
EndGlobal
