
Microsoft Visual Studio Solution File, Format Version 12.00
# Visual Studio Version 17
VisualStudioVersion = 17.1.32210.238
MinimumVisualStudioVersion = 10.0.40219.1
Project("{FAE04EC0-301F-11D3-BF4B-00C04F79EFBC}") = "laba10", "laba10.csproj", "{9E01A309-369A-4F21-9FB1-537003E8354A}"
EndProject
Global
	GlobalSection(SolutionConfigurationPlatforms) = preSolution
		Debug|Any CPU = Debug|Any CPU
		Release|Any CPU = Release|Any CPU
	EndGlobalSection
	GlobalSection(ProjectConfigurationPlatforms) = postSolution
		{9E01A309-369A-4F21-9FB1-537003E8354A}.Debug|Any CPU.ActiveCfg = Debug|Any CPU
		{9E01A309-369A-4F21-9FB1-537003E8354A}.Debug|Any CPU.Build.0 = Debug|Any CPU
		{9E01A309-369A-4F21-9FB1-537003E8354A}.Release|Any CPU.ActiveCfg = Release|Any CPU
		{9E01A309-369A-4F21-9FB1-537003E8354A}.Release|Any CPU.Build.0 = Release|Any CPU
	EndGlobalSection
	GlobalSection(SolutionProperties) = preSolution
		HideSolutionNode = FALSE
	EndGlobalSection
	GlobalSection(ExtensibilityGlobals) = postSolution
		SolutionGuid = {0B5B5397-6165-43F5-B5CA-EE000CDC2010}
	EndGlobalSection
EndGlobal
