
Microsoft Visual Studio Solution File, Format Version 12.00
# Visual Studio Version 17
VisualStudioVersion = 17.8.34330.188
MinimumVisualStudioVersion = 10.0.40219.1
Project("{FAE04EC0-301F-11D3-BF4B-00C04F79EFBC}") = "Lab10", "Lab10\Lab10.csproj", "{835B342D-FFCF-43DD-85D6-E89567DA43D4}"
EndProject
Global
	GlobalSection(SolutionConfigurationPlatforms) = preSolution
		Debug|Any CPU = Debug|Any CPU
		Release|Any CPU = Release|Any CPU
	EndGlobalSection
	GlobalSection(ProjectConfigurationPlatforms) = postSolution
		{835B342D-FFCF-43DD-85D6-E89567DA43D4}.Debug|Any CPU.ActiveCfg = Debug|Any CPU
		{835B342D-FFCF-43DD-85D6-E89567DA43D4}.Debug|Any CPU.Build.0 = Debug|Any CPU
		{835B342D-FFCF-43DD-85D6-E89567DA43D4}.Release|Any CPU.ActiveCfg = Release|Any CPU
		{835B342D-FFCF-43DD-85D6-E89567DA43D4}.Release|Any CPU.Build.0 = Release|Any CPU
	EndGlobalSection
	GlobalSection(SolutionProperties) = preSolution
		HideSolutionNode = FALSE
	EndGlobalSection
	GlobalSection(ExtensibilityGlobals) = postSolution
		SolutionGuid = {63A0B91B-1B48-4E84-8701-DC8734D472D2}
	EndGlobalSection
EndGlobal
