
Microsoft Visual Studio Solution File, Format Version 12.00
# Visual Studio Version 17
VisualStudioVersion = 17.8.34330.188
MinimumVisualStudioVersion = 10.0.40219.1
Project("{FAE04EC0-301F-11D3-BF4B-00C04F79EFBC}") = "lab11", "lab11\lab11.csproj", "{ADCBC9D9-FFCA-4CD4-A1A3-E11D8A05D577}"
EndProject
Global
	GlobalSection(SolutionConfigurationPlatforms) = preSolution
		Debug|Any CPU = Debug|Any CPU
		Release|Any CPU = Release|Any CPU
	EndGlobalSection
	GlobalSection(ProjectConfigurationPlatforms) = postSolution
		{ADCBC9D9-FFCA-4CD4-A1A3-E11D8A05D577}.Debug|Any CPU.ActiveCfg = Debug|Any CPU
		{ADCBC9D9-FFCA-4CD4-A1A3-E11D8A05D577}.Debug|Any CPU.Build.0 = Debug|Any CPU
		{ADCBC9D9-FFCA-4CD4-A1A3-E11D8A05D577}.Release|Any CPU.ActiveCfg = Release|Any CPU
		{ADCBC9D9-FFCA-4CD4-A1A3-E11D8A05D577}.Release|Any CPU.Build.0 = Release|Any CPU
	EndGlobalSection
	GlobalSection(SolutionProperties) = preSolution
		HideSolutionNode = FALSE
	EndGlobalSection
	GlobalSection(ExtensibilityGlobals) = postSolution
		SolutionGuid = {B9AD0A13-C300-4156-9EF8-7FCD7B436188}
	EndGlobalSection
EndGlobal
