
Microsoft Visual Studio Solution File, Format Version 12.00
# Visual Studio Version 16
VisualStudioVersion = 16.0.31624.102
MinimumVisualStudioVersion = 10.0.40219.1
Project("{8BC9CEB8-8B4A-11D0-8D11-00A0C91BC942}") = "Laba2", "Laba2\Laba2.vcxproj", "{7FBE93D0-85B4-4B36-9263-0A354F552DDE}"
EndProject
Global
	GlobalSection(SolutionConfigurationPlatforms) = preSolution
		Debug|x64 = Debug|x64
		Debug|x86 = Debug|x86
		Release|x64 = Release|x64
		Release|x86 = Release|x86
	EndGlobalSection
	GlobalSection(ProjectConfigurationPlatforms) = postSolution
		{7FBE93D0-85B4-4B36-9263-0A354F552DDE}.Debug|x64.ActiveCfg = Debug|x64
		{7FBE93D0-85B4-4B36-9263-0A354F552DDE}.Debug|x64.Build.0 = Debug|x64
		{7FBE93D0-85B4-4B36-9263-0A354F552DDE}.Debug|x86.ActiveCfg = Debug|Win32
		{7FBE93D0-85B4-4B36-9263-0A354F552DDE}.Debug|x86.Build.0 = Debug|Win32
		{7FBE93D0-85B4-4B36-9263-0A354F552DDE}.Release|x64.ActiveCfg = Release|x64
		{7FBE93D0-85B4-4B36-9263-0A354F552DDE}.Release|x64.Build.0 = Release|x64
		{7FBE93D0-85B4-4B36-9263-0A354F552DDE}.Release|x86.ActiveCfg = Release|Win32
		{7FBE93D0-85B4-4B36-9263-0A354F552DDE}.Release|x86.Build.0 = Release|Win32
	EndGlobalSection
	GlobalSection(SolutionProperties) = preSolution
		HideSolutionNode = FALSE
	EndGlobalSection
	GlobalSection(ExtensibilityGlobals) = postSolution
		SolutionGuid = {87B1EBAB-6F23-4CF1-BF88-889BC50EA12D}
	EndGlobalSection
EndGlobal
