
Microsoft Visual Studio Solution File, Format Version 12.00
# Visual Studio Version 17
VisualStudioVersion = 17.1.32210.238
MinimumVisualStudioVersion = 10.0.40219.1
Project("{9A19103F-16F7-4668-BE54-9A1E7A4F7556}") = "laba1", "laba1.csproj", "{70598B10-601D-438F-B817-C5B863204C83}"
EndProject
Global
	GlobalSection(SolutionConfigurationPlatforms) = preSolution
		Debug|Any CPU = Debug|Any CPU
		Release|Any CPU = Release|Any CPU
	EndGlobalSection
	GlobalSection(ProjectConfigurationPlatforms) = postSolution
		{70598B10-601D-438F-B817-C5B863204C83}.Debug|Any CPU.ActiveCfg = Debug|Any CPU
		{70598B10-601D-438F-B817-C5B863204C83}.Debug|Any CPU.Build.0 = Debug|Any CPU
		{70598B10-601D-438F-B817-C5B863204C83}.Release|Any CPU.ActiveCfg = Release|Any CPU
		{70598B10-601D-438F-B817-C5B863204C83}.Release|Any CPU.Build.0 = Release|Any CPU
	EndGlobalSection
	GlobalSection(SolutionProperties) = preSolution
		HideSolutionNode = FALSE
	EndGlobalSection
	GlobalSection(ExtensibilityGlobals) = postSolution
		SolutionGuid = {5D70C73A-789B-4F19-958D-9D974AB820D2}
	EndGlobalSection
EndGlobal
