
Microsoft Visual Studio Solution File, Format Version 12.00
# Visual Studio Version 17
VisualStudioVersion = 17.1.32210.238
MinimumVisualStudioVersion = 10.0.40219.1
Project("{FAE04EC0-301F-11D3-BF4B-00C04F79EFBC}") = "laba112", "laba112.csproj", "{52028ABC-FF67-47D5-984D-570BB194C67F}"
EndProject
Global
	GlobalSection(SolutionConfigurationPlatforms) = preSolution
		Debug|Any CPU = Debug|Any CPU
		Release|Any CPU = Release|Any CPU
	EndGlobalSection
	GlobalSection(ProjectConfigurationPlatforms) = postSolution
		{52028ABC-FF67-47D5-984D-570BB194C67F}.Debug|Any CPU.ActiveCfg = Debug|Any CPU
		{52028ABC-FF67-47D5-984D-570BB194C67F}.Debug|Any CPU.Build.0 = Debug|Any CPU
		{52028ABC-FF67-47D5-984D-570BB194C67F}.Release|Any CPU.ActiveCfg = Release|Any CPU
		{52028ABC-FF67-47D5-984D-570BB194C67F}.Release|Any CPU.Build.0 = Release|Any CPU
	EndGlobalSection
	GlobalSection(SolutionProperties) = preSolution
		HideSolutionNode = FALSE
	EndGlobalSection
	GlobalSection(ExtensibilityGlobals) = postSolution
		SolutionGuid = {AFC28ADE-7C53-497D-AD12-124864AB14F3}
	EndGlobalSection
EndGlobal
